<?xml version="1.0" encoding="utf-8"?>
<Project ToolsVersion="4.0" xmlns="http://schemas.microsoft.com/developer/msbuild/2003">
  <ItemGroup>
    <Filter Include="Source Files">
      <UniqueIdentifier>{4FC737F1-C7A5-4376-A066-2A32D752A2FF}</UniqueIdentifier>
      <Extensions>cpp;c;cc;cxx;def;odl;idl;hpj;bat;asm;asmx</Extensions>
    </Filter>
    <Filter Include="Header Files">
      <UniqueIdentifier>{93995380-89BD-4b04-88EB-625FBE52EBFB}</UniqueIdentifier>
      <Extensions>h;hh;hpp;hxx;hm;inl;inc;xsd</Extensions>
    </Filter>
    <Filter Include="Resource Files">
      <UniqueIdentifier>{67DA6AB6-F800-4c08-8B7A-83BB121AAD01}</UniqueIdentifier>
      <Extensions>rc;ico;cur;bmp;dlg;rc2;rct;bin;rgs;gif;jpg;jpeg;jpe;resx;tiff;tif;png;wav;mfcribbon-ms</Extensions>
    </Filter>
  </ItemGroup>
  <ItemGroup>
    <ClCompile Include="0.友元.cpp">
      <Filter>Source Files</Filter>
    </ClCompile>
    <ClCompile Include="1.强制类型转换.cpp">
      <Filter>Source Files</Filter>
    </ClCompile>
    <ClCompile Include="2.关键字.cpp">
      <Filter>Source Files</Filter>
    </ClCompile>
    <ClCompile Include="3.虚函数和多态.cpp">
      <Filter>Source Files</Filter>
    </ClCompile>
    <ClCompile Include="4.委托相关设计.cpp">
      <Filter>Source Files</Filter>
    </ClCompile>
    <ClCompile Include="5.堆 栈与内存管理.cpp">
      <Filter>Source Files</Filter>
    </ClCompile>
    <ClCompile Include="6.复现string的实现过程.cpp">
      <Filter>Source Files</Filter>
    </ClCompile>
    <ClCompile Include="7.拷贝构造与拷贝赋值.cpp">
      <Filter>Source Files</Filter>
    </ClCompile>
    <ClCompile Include="8.RTTI.cpp">
      <Filter>Source Files</Filter>
    </ClCompile>
    <ClCompile Include="9.组合和继承与委托.cpp">
      <Filter>Source Files</Filter>
    </ClCompile>
    <ClCompile Include="10.静态联编和动态联编.cpp">
      <Filter>Source Files</Filter>
    </ClCompile>
    <ClCompile Include="11.static和类模板和函数模板.cpp">
      <Filter>Source Files</Filter>
    </ClCompile>
    <ClCompile Include="12.智能指针.cpp">
      <Filter>Source Files</Filter>
    </ClCompile>
  </ItemGroup>
</Project>